
Microsoft Visual Studio Solution File, Format Version 12.00
# Visual Studio 2013
VisualStudioVersion = 12.0.31101.0
MinimumVisualStudioVersion = 10.0.40219.1
Project("{FAE04EC0-301F-11D3-BF4B-00C04F79EFBC}") = "CSharpToMpAsm.Compiler", "CSharpToMpAsm.Compiler\CSharpToMpAsm.Compiler.csproj", "{305F38A2-68FC-4FFF-A23A-E64A1CBB639A}"
EndProject
Project("{FAE04EC0-301F-11D3-BF4B-00C04F79EFBC}") = "Demo", "Demo\Demo.csproj", "{5B9A6353-ADCA-4952-A93E-B287DF266DF6}"
EndProject
Project("{FAE04EC0-301F-11D3-BF4B-00C04F79EFBC}") = "CSharpToMpAsm.CodeAttributes", "CSharpToMpAsm.CodeAttributes\CSharpToMpAsm.CodeAttributes.csproj", "{2F31EBE7-655A-40E0-AB3F-6CD6D7C8766F}"
EndProject
Global
	GlobalSection(SolutionConfigurationPlatforms) = preSolution
		Debug|Any CPU = Debug|Any CPU
		Release|Any CPU = Release|Any CPU
	EndGlobalSection
	GlobalSection(ProjectConfigurationPlatforms) = postSolution
		{305F38A2-68FC-4FFF-A23A-E64A1CBB639A}.Debug|Any CPU.ActiveCfg = Debug|Any CPU
		{305F38A2-68FC-4FFF-A23A-E64A1CBB639A}.Debug|Any CPU.Build.0 = Debug|Any CPU
		{305F38A2-68FC-4FFF-A23A-E64A1CBB639A}.Release|Any CPU.ActiveCfg = Release|Any CPU
		{305F38A2-68FC-4FFF-A23A-E64A1CBB639A}.Release|Any CPU.Build.0 = Release|Any CPU
		{5B9A6353-ADCA-4952-A93E-B287DF266DF6}.Debug|Any CPU.ActiveCfg = Debug|Any CPU
		{5B9A6353-ADCA-4952-A93E-B287DF266DF6}.Debug|Any CPU.Build.0 = Debug|Any CPU
		{5B9A6353-ADCA-4952-A93E-B287DF266DF6}.Release|Any CPU.ActiveCfg = Release|Any CPU
		{5B9A6353-ADCA-4952-A93E-B287DF266DF6}.Release|Any CPU.Build.0 = Release|Any CPU
		{2F31EBE7-655A-40E0-AB3F-6CD6D7C8766F}.Debug|Any CPU.ActiveCfg = Debug|Any CPU
		{2F31EBE7-655A-40E0-AB3F-6CD6D7C8766F}.Debug|Any CPU.Build.0 = Debug|Any CPU
		{2F31EBE7-655A-40E0-AB3F-6CD6D7C8766F}.Release|Any CPU.ActiveCfg = Release|Any CPU
		{2F31EBE7-655A-40E0-AB3F-6CD6D7C8766F}.Release|Any CPU.Build.0 = Release|Any CPU
	EndGlobalSection
	GlobalSection(SolutionProperties) = preSolution
		HideSolutionNode = FALSE
	EndGlobalSection
EndGlobal
